
Microsoft Visual Studio Solution File, Format Version 12.00
# Visual Studio 15
VisualStudioVersion = 15.0.28010.0
MinimumVisualStudioVersion = 10.0.40219.1
Project("{FAE04EC0-301F-11D3-BF4B-00C04F79EFBC}") = "PowerShellExporter", "PowerShellExporter\PowerShellExporter.csproj", "{BB54512E-69E4-4189-B4A6-34157AB6B073}"
EndProject
Global
	GlobalSection(SolutionConfigurationPlatforms) = preSolution
		Debug|Any CPU = Debug|Any CPU
		Release|Any CPU = Release|Any CPU
	EndGlobalSection
	GlobalSection(ProjectConfigurationPlatforms) = postSolution
		{BB54512E-69E4-4189-B4A6-34157AB6B073}.Debug|Any CPU.ActiveCfg = Debug|Any CPU
		{BB54512E-69E4-4189-B4A6-34157AB6B073}.Debug|Any CPU.Build.0 = Debug|Any CPU
		{BB54512E-69E4-4189-B4A6-34157AB6B073}.Release|Any CPU.ActiveCfg = Release|Any CPU
		{BB54512E-69E4-4189-B4A6-34157AB6B073}.Release|Any CPU.Build.0 = Release|Any CPU
	EndGlobalSection
	GlobalSection(SolutionProperties) = preSolution
		HideSolutionNode = FALSE
	EndGlobalSection
	GlobalSection(ExtensibilityGlobals) = postSolution
		SolutionGuid = {BC817DC6-6CB6-4E2D-8342-76D70FFAAFF5}
	EndGlobalSection
EndGlobal
